{
  "name": "mega-linter-runner",
  "version": "5.6.0",
  "lockfileVersion": 3,
  "requires": true,
  "packages": {
    "": {
      "name": "mega-linter-runner",
      "version": "5.6.0",
      "license": "MIT",
      "dependencies": {
        "chalk": "^5.3.0"
      }
    },
    "node_modules/chalk": {
      "version": "5.4.1",
      "resolved": "https://registry.npmjs.org/chalk/-/chalk-5.4.1.tgz",
      "integrity": "sha512-zgVZuo2WcZgfUEmsn6eIdqaKm5tn2aF4BhfFxddn8a8jPQXJqPE3sMoJFkAAvLTAsxKiDeEAmQMlcR2a0RIzg=="
    }
  }
}
