{
  "name": "bad",
  "lockfileVersion": 2,
  "requires": true,
  "packages": {
    "": {
      "dependencies": {
        "lodash": "4.17.4",
        "minimist": "1.2.5"
      }
    },
    "node_modules/lodash": {
      "version": "4.17.4",
      "resolved": "https://registry.npmjs.org/lodash/-/lodash-4.17.4.tgz",
      "integrity": "sha512-6X37Sq9KCpLSXEh8uM12AKYlviHPNNk4RxiGBn4cmKGJinbXBneWIV7iE/nXkM928O7ytHcHb6+X6Svl0f4hXg=="
    },
    "node_modules/minimist": {
      "version": "1.2.5",
      "resolved": "https://registry.npmjs.org/minimist/-/minimist-1.2.5.tgz",
      "integrity": "sha512-FM9nNUYrRBAELZQT3xeZQ7fmMOBg6nWNmJKTcgsJeaLstP/UODVpGsr5OhXhhXg6f+qtJ8uiZ+PUxkDWcgIXLw=="
    }
  },
  "dependencies": {
    "lodash": {
      "version": "4.17.4",
      "resolved": "https://registry.npmjs.org/lodash/-/lodash-4.17.4.tgz",
      "integrity": "sha512-6X37Sq9KCpLSXEh8uM12AKYlviHPNNk4RxiGBn4cmKGJinbXBneWIV7iE/nXkM928O7ytHcHb6+X6Svl0f4hXg=="
    },
    "minimist": {
      "version": "1.2.5",
      "resolved": "https://registry.npmjs.org/minimist/-/minimist-1.2.5.tgz",
      "integrity": "sha512-FM9nNUYrRBAELZQT3xeZQ7fmMOBg6nWNmJKTcgsJeaLstP/UODVpGsr5OhXhhXg6f+qtJ8uiZ+PUxkDWcgIXLw=="
    }
  }
}
